{
  "name": "mpcars2",
  "lockfileVersion": 3,
  "requires": true,
  "packages": {
    "": {
      "dependencies": {
        "chromium-bidi": "^15.0.0",
        "playwright-core": "^1.58.2"
      }
    },
    "node_modules/chromium-bidi": {
      "version": "15.0.0",
      "resolved": "https://registry.npmjs.org/chromium-bidi/-/chromium-bidi-15.0.0.tgz",
      "integrity": "sha512-ESWZM1u85CoeSozBXXG9M73S5tH0EjkqnFJoQ6F3MHs2YGe0CLVMaRvhGxetLP6w4GVR59+/cpWvDLUpLvJXLQ==",
      "license": "Apache-2.0",
      "dependencies": {
        "mitt": "^3.0.1",
        "zod": "^3.24.1"
      },
      "peerDependencies": {
        "devtools-protocol": "*"
      }
    },
    "node_modules/devtools-protocol": {
      "version": "0.0.1596832",
      "resolved": "https://registry.npmjs.org/devtools-protocol/-/devtools-protocol-0.0.1596832.tgz",
      "integrity": "sha512-IwRVIiCa4mpaKeLcZ2cmGpG0hP8ls3zj3zg87Z/JwULm2xYmhOcMrwdeHos6xaANQHGEXzSCzji+6kEuZu873A==",
      "license": "BSD-3-Clause",
      "peer": true
    },
    "node_modules/mitt": {
      "version": "3.0.1",
      "resolved": "https://registry.npmjs.org/mitt/-/mitt-3.0.1.tgz",
      "integrity": "sha512-vKivATfr97l2/QBCYAkXYDbrIWPM2IIKEl7YPhjCvKlG3kE2gm+uBo6nEXK3M5/Ffh/FLpKExzOQ3JJoJGFKBw==",
      "license": "MIT"
    },
    "node_modules/playwright-core": {
      "version": "1.58.2",
      "resolved": "https://registry.npmjs.org/playwright-core/-/playwright-core-1.58.2.tgz",
      "integrity": "sha512-yZkEtftgwS8CsfYo7nm0KE8jsvm6i/PTgVtB8DL726wNf6H2IMsDuxCpJj59KDaxCtSnrWan2AeDqM7JBaultg==",
      "license": "Apache-2.0",
      "bin": {
        "playwright-core": "cli.js"
      },
      "engines": {
        "node": ">=18"
      }
    },
    "node_modules/zod": {
      "version": "3.25.76",
      "resolved": "https://registry.npmjs.org/zod/-/zod-3.25.76.tgz",
      "integrity": "sha512-gzUt/qt81nXsFGKIFcC3YnfEAx5NkunCfnDlvuBSSFS02bcXu4Lmea0AFIUwbLWxWPx3d9p8S5QoaujKcNQxcQ==",
      "license": "MIT",
      "funding": {
        "url": "https://github.com/sponsors/colinhacks"
      }
    }
  }
}
